
Microsoft Visual Studio Solution File, Format Version 12.00
# Visual Studio 14
VisualStudioVersion = 14.0.25420.1
MinimumVisualStudioVersion = 10.0.40219.1
Project("{8BC9CEB8-8B4A-11D0-8D11-00A0C91BC942}") = "mathf", "..\mathf\mathf.vcxproj", "{F2D0F943-A4FC-4D75-B7E4-D47717A3DB4B}"
EndProject
Project("{8BC9CEB8-8B4A-11D0-8D11-00A0C91BC942}") = "vector3f", "..\vector3f\Vector3f.vcxproj", "{CB29678C-362C-4B90-9C38-1262DB9EEF1D}"
EndProject
Project("{8BC9CEB8-8B4A-11D0-8D11-00A0C91BC942}") = "matrix4x4", "..\matrix4x4\matrix4x4.vcxproj", "{A4C6546F-C472-4424-955E-1B3C4792563E}"
EndProject
Project("{8BC9CEB8-8B4A-11D0-8D11-00A0C91BC942}") = "game", "..\game\game.vcxproj", "{059AB809-FB3D-4DC7-8427-DA138B92F330}"
EndProject
Project("{8BC9CEB8-8B4A-11D0-8D11-00A0C91BC942}") = "component", "..\component\component.vcxproj", "{38FE5EBD-CE34-47F1-8B01-D7ED66AC55DE}"
EndProject
Project("{8BC9CEB8-8B4A-11D0-8D11-00A0C91BC942}") = "debuggable", "..\debuggable\debuggable.vcxproj", "{8FB1C4FF-C891-4847-AFAC-6E519D1610B6}"
EndProject
Project("{8BC9CEB8-8B4A-11D0-8D11-00A0C91BC942}") = "disposable", "..\disposable\disposable.vcxproj", "{66F40D79-B491-48C8-9F30-A38DF4DD9B94}"
EndProject
Project("{8BC9CEB8-8B4A-11D0-8D11-00A0C91BC942}") = "transform", "..\transform\transform.vcxproj", "{6C260420-26B2-4372-B367-6CE9CBEFCFC9}"
EndProject
Project("{8BC9CEB8-8B4A-11D0-8D11-00A0C91BC942}") = "iris", "..\iris\iris.vcxproj", "{28F7B03F-8DA3-41BF-B92B-654C16BE2618}"
EndProject
Project("{8BC9CEB8-8B4A-11D0-8D11-00A0C91BC942}") = "gameobject", "..\gameobject\gameobject.vcxproj", "{0E64FB0B-88DB-46B2-BE11-140A37F0DDB2}"
EndProject
Project("{8BC9CEB8-8B4A-11D0-8D11-00A0C91BC942}") = "renderer", "..\renderer\renderer.vcxproj", "{5559BADC-721D-4796-B72C-42845EAC7CE2}"
EndProject
Project("{8BC9CEB8-8B4A-11D0-8D11-00A0C91BC942}") = "camera", "..\camera\camera.vcxproj", "{7D54C21C-C18D-48C9-B7F4-0BF7E4FA8F00}"
EndProject
Project("{8BC9CEB8-8B4A-11D0-8D11-00A0C91BC942}") = "input", "..\input\input.vcxproj", "{264579F6-EAFC-4B7B-B2E7-654227B04BE6}"
EndProject
Project("{8BC9CEB8-8B4A-11D0-8D11-00A0C91BC942}") = "object", "..\object\object.vcxproj", "{CB596AA9-972F-434B-A1F2-316A415701E0}"
EndProject
Project("{8BC9CEB8-8B4A-11D0-8D11-00A0C91BC942}") = "color", "..\color\color.vcxproj", "{F86719A6-F0B1-4D21-924E-4A9A6315A66E}"
EndProject
Project("{8BC9CEB8-8B4A-11D0-8D11-00A0C91BC942}") = "rect", "..\rect\rect.vcxproj", "{93DCF772-0D78-4630-BEB1-61F0A0B76AB7}"
EndProject
Project("{8BC9CEB8-8B4A-11D0-8D11-00A0C91BC942}") = "shader", "..\shader\shader.vcxproj", "{56A7B73A-30D0-4B48-92C1-8F4EC530C341}"
EndProject
Project("{8BC9CEB8-8B4A-11D0-8D11-00A0C91BC942}") = "mesh", "..\mesh\mesh.vcxproj", "{B311343C-EFED-44E0-80CB-9A9566359B99}"
EndProject
Project("{8BC9CEB8-8B4A-11D0-8D11-00A0C91BC942}") = "texture2d", "..\texture2d\texture2d.vcxproj", "{6229FC30-7331-4C3B-B5BE-702097318EE5}"
EndProject
Project("{8BC9CEB8-8B4A-11D0-8D11-00A0C91BC942}") = "assetdatabase", "..\assetdatabase\assetdatabase.vcxproj", "{10469634-6EF2-4D66-898E-9B0632482DFF}"
EndProject
Project("{8BC9CEB8-8B4A-11D0-8D11-00A0C91BC942}") = "material", "..\material\material.vcxproj", "{624A7A79-AB07-4956-B0DC-5BEFC28ED5A0}"
EndProject
Project("{8BC9CEB8-8B4A-11D0-8D11-00A0C91BC942}") = "light", "..\light\light.vcxproj", "{785B7FEE-83D9-41FE-989F-442F644342CE}"
EndProject
Global
	GlobalSection(SolutionConfigurationPlatforms) = preSolution
		Debug|x64 = Debug|x64
		Debug|x86 = Debug|x86
		Debug-ES2|x64 = Debug-ES2|x64
		Debug-ES2|x86 = Debug-ES2|x86
		Debug-OGL|x64 = Debug-OGL|x64
		Debug-OGL|x86 = Debug-OGL|x86
		Release|x64 = Release|x64
		Release|x86 = Release|x86
	EndGlobalSection
	GlobalSection(ProjectConfigurationPlatforms) = postSolution
		{F2D0F943-A4FC-4D75-B7E4-D47717A3DB4B}.Debug|x64.ActiveCfg = Debug|x64
		{F2D0F943-A4FC-4D75-B7E4-D47717A3DB4B}.Debug|x64.Build.0 = Debug|x64
		{F2D0F943-A4FC-4D75-B7E4-D47717A3DB4B}.Debug|x86.ActiveCfg = Debug|Win32
		{F2D0F943-A4FC-4D75-B7E4-D47717A3DB4B}.Debug|x86.Build.0 = Debug|Win32
		{F2D0F943-A4FC-4D75-B7E4-D47717A3DB4B}.Debug-ES2|x64.ActiveCfg = Debug-ES2|x64
		{F2D0F943-A4FC-4D75-B7E4-D47717A3DB4B}.Debug-ES2|x64.Build.0 = Debug-ES2|x64
		{F2D0F943-A4FC-4D75-B7E4-D47717A3DB4B}.Debug-ES2|x86.ActiveCfg = Debug-ES2|Win32
		{F2D0F943-A4FC-4D75-B7E4-D47717A3DB4B}.Debug-ES2|x86.Build.0 = Debug-ES2|Win32
		{F2D0F943-A4FC-4D75-B7E4-D47717A3DB4B}.Debug-OGL|x64.ActiveCfg = Debug-OGL|x64
		{F2D0F943-A4FC-4D75-B7E4-D47717A3DB4B}.Debug-OGL|x64.Build.0 = Debug-OGL|x64
		{F2D0F943-A4FC-4D75-B7E4-D47717A3DB4B}.Debug-OGL|x86.ActiveCfg = Debug-OGL|Win32
		{F2D0F943-A4FC-4D75-B7E4-D47717A3DB4B}.Debug-OGL|x86.Build.0 = Debug-OGL|Win32
		{F2D0F943-A4FC-4D75-B7E4-D47717A3DB4B}.Release|x64.ActiveCfg = Release|x64
		{F2D0F943-A4FC-4D75-B7E4-D47717A3DB4B}.Release|x64.Build.0 = Release|x64
		{F2D0F943-A4FC-4D75-B7E4-D47717A3DB4B}.Release|x86.ActiveCfg = Release|Win32
		{F2D0F943-A4FC-4D75-B7E4-D47717A3DB4B}.Release|x86.Build.0 = Release|Win32
		{CB29678C-362C-4B90-9C38-1262DB9EEF1D}.Debug|x64.ActiveCfg = Debug|x64
		{CB29678C-362C-4B90-9C38-1262DB9EEF1D}.Debug|x64.Build.0 = Debug|x64
		{CB29678C-362C-4B90-9C38-1262DB9EEF1D}.Debug|x86.ActiveCfg = Debug|Win32
		{CB29678C-362C-4B90-9C38-1262DB9EEF1D}.Debug|x86.Build.0 = Debug|Win32
		{CB29678C-362C-4B90-9C38-1262DB9EEF1D}.Debug-ES2|x64.ActiveCfg = Debug-ES2|x64
		{CB29678C-362C-4B90-9C38-1262DB9EEF1D}.Debug-ES2|x64.Build.0 = Debug-ES2|x64
		{CB29678C-362C-4B90-9C38-1262DB9EEF1D}.Debug-ES2|x86.ActiveCfg = Debug-ES2|Win32
		{CB29678C-362C-4B90-9C38-1262DB9EEF1D}.Debug-ES2|x86.Build.0 = Debug-ES2|Win32
		{CB29678C-362C-4B90-9C38-1262DB9EEF1D}.Debug-OGL|x64.ActiveCfg = Debug-OGL|x64
		{CB29678C-362C-4B90-9C38-1262DB9EEF1D}.Debug-OGL|x64.Build.0 = Debug-OGL|x64
		{CB29678C-362C-4B90-9C38-1262DB9EEF1D}.Debug-OGL|x86.ActiveCfg = Debug-OGL|Win32
		{CB29678C-362C-4B90-9C38-1262DB9EEF1D}.Debug-OGL|x86.Build.0 = Debug-OGL|Win32
		{CB29678C-362C-4B90-9C38-1262DB9EEF1D}.Release|x64.ActiveCfg = Release|x64
		{CB29678C-362C-4B90-9C38-1262DB9EEF1D}.Release|x64.Build.0 = Release|x64
		{CB29678C-362C-4B90-9C38-1262DB9EEF1D}.Release|x86.ActiveCfg = Release|Win32
		{CB29678C-362C-4B90-9C38-1262DB9EEF1D}.Release|x86.Build.0 = Release|Win32
		{A4C6546F-C472-4424-955E-1B3C4792563E}.Debug|x64.ActiveCfg = Debug|x64
		{A4C6546F-C472-4424-955E-1B3C4792563E}.Debug|x64.Build.0 = Debug|x64
		{A4C6546F-C472-4424-955E-1B3C4792563E}.Debug|x86.ActiveCfg = Debug|Win32
		{A4C6546F-C472-4424-955E-1B3C4792563E}.Debug|x86.Build.0 = Debug|Win32
		{A4C6546F-C472-4424-955E-1B3C4792563E}.Debug-ES2|x64.ActiveCfg = Debug-ES2|x64
		{A4C6546F-C472-4424-955E-1B3C4792563E}.Debug-ES2|x64.Build.0 = Debug-ES2|x64
		{A4C6546F-C472-4424-955E-1B3C4792563E}.Debug-ES2|x86.ActiveCfg = Debug-ES2|Win32
		{A4C6546F-C472-4424-955E-1B3C4792563E}.Debug-ES2|x86.Build.0 = Debug-ES2|Win32
		{A4C6546F-C472-4424-955E-1B3C4792563E}.Debug-OGL|x64.ActiveCfg = Debug-OGL|x64
		{A4C6546F-C472-4424-955E-1B3C4792563E}.Debug-OGL|x64.Build.0 = Debug-OGL|x64
		{A4C6546F-C472-4424-955E-1B3C4792563E}.Debug-OGL|x86.ActiveCfg = Debug-OGL|Win32
		{A4C6546F-C472-4424-955E-1B3C4792563E}.Debug-OGL|x86.Build.0 = Debug-OGL|Win32
		{A4C6546F-C472-4424-955E-1B3C4792563E}.Release|x64.ActiveCfg = Release|x64
		{A4C6546F-C472-4424-955E-1B3C4792563E}.Release|x64.Build.0 = Release|x64
		{A4C6546F-C472-4424-955E-1B3C4792563E}.Release|x86.ActiveCfg = Release|Win32
		{A4C6546F-C472-4424-955E-1B3C4792563E}.Release|x86.Build.0 = Release|Win32
		{059AB809-FB3D-4DC7-8427-DA138B92F330}.Debug|x64.ActiveCfg = Debug|x64
		{059AB809-FB3D-4DC7-8427-DA138B92F330}.Debug|x64.Build.0 = Debug|x64
		{059AB809-FB3D-4DC7-8427-DA138B92F330}.Debug|x86.ActiveCfg = Debug|Win32
		{059AB809-FB3D-4DC7-8427-DA138B92F330}.Debug|x86.Build.0 = Debug|Win32
		{059AB809-FB3D-4DC7-8427-DA138B92F330}.Debug-ES2|x64.ActiveCfg = Debug-ES2|x64
		{059AB809-FB3D-4DC7-8427-DA138B92F330}.Debug-ES2|x64.Build.0 = Debug-ES2|x64
		{059AB809-FB3D-4DC7-8427-DA138B92F330}.Debug-ES2|x86.ActiveCfg = Debug-ES2|Win32
		{059AB809-FB3D-4DC7-8427-DA138B92F330}.Debug-ES2|x86.Build.0 = Debug-ES2|Win32
		{059AB809-FB3D-4DC7-8427-DA138B92F330}.Debug-OGL|x64.ActiveCfg = Debug-OGL|x64
		{059AB809-FB3D-4DC7-8427-DA138B92F330}.Debug-OGL|x64.Build.0 = Debug-OGL|x64
		{059AB809-FB3D-4DC7-8427-DA138B92F330}.Debug-OGL|x86.ActiveCfg = Debug-OGL|Win32
		{059AB809-FB3D-4DC7-8427-DA138B92F330}.Debug-OGL|x86.Build.0 = Debug-OGL|Win32
		{059AB809-FB3D-4DC7-8427-DA138B92F330}.Release|x64.ActiveCfg = Release|x64
		{059AB809-FB3D-4DC7-8427-DA138B92F330}.Release|x64.Build.0 = Release|x64
		{059AB809-FB3D-4DC7-8427-DA138B92F330}.Release|x86.ActiveCfg = Release|Win32
		{059AB809-FB3D-4DC7-8427-DA138B92F330}.Release|x86.Build.0 = Release|Win32
		{38FE5EBD-CE34-47F1-8B01-D7ED66AC55DE}.Debug|x64.ActiveCfg = Debug|x64
		{38FE5EBD-CE34-47F1-8B01-D7ED66AC55DE}.Debug|x64.Build.0 = Debug|x64
		{38FE5EBD-CE34-47F1-8B01-D7ED66AC55DE}.Debug|x86.ActiveCfg = Debug|Win32
		{38FE5EBD-CE34-47F1-8B01-D7ED66AC55DE}.Debug|x86.Build.0 = Debug|Win32
		{38FE5EBD-CE34-47F1-8B01-D7ED66AC55DE}.Debug-ES2|x64.ActiveCfg = Debug-ES2|x64
		{38FE5EBD-CE34-47F1-8B01-D7ED66AC55DE}.Debug-ES2|x64.Build.0 = Debug-ES2|x64
		{38FE5EBD-CE34-47F1-8B01-D7ED66AC55DE}.Debug-ES2|x86.ActiveCfg = Debug-ES2|Win32
		{38FE5EBD-CE34-47F1-8B01-D7ED66AC55DE}.Debug-ES2|x86.Build.0 = Debug-ES2|Win32
		{38FE5EBD-CE34-47F1-8B01-D7ED66AC55DE}.Debug-OGL|x64.ActiveCfg = Debug-OGL|x64
		{38FE5EBD-CE34-47F1-8B01-D7ED66AC55DE}.Debug-OGL|x64.Build.0 = Debug-OGL|x64
		{38FE5EBD-CE34-47F1-8B01-D7ED66AC55DE}.Debug-OGL|x86.ActiveCfg = Debug-OGL|Win32
		{38FE5EBD-CE34-47F1-8B01-D7ED66AC55DE}.Debug-OGL|x86.Build.0 = Debug-OGL|Win32
		{38FE5EBD-CE34-47F1-8B01-D7ED66AC55DE}.Release|x64.ActiveCfg = Release|x64
		{38FE5EBD-CE34-47F1-8B01-D7ED66AC55DE}.Release|x64.Build.0 = Release|x64
		{38FE5EBD-CE34-47F1-8B01-D7ED66AC55DE}.Release|x86.ActiveCfg = Release|Win32
		{38FE5EBD-CE34-47F1-8B01-D7ED66AC55DE}.Release|x86.Build.0 = Release|Win32
		{8FB1C4FF-C891-4847-AFAC-6E519D1610B6}.Debug|x64.ActiveCfg = Debug|x64
		{8FB1C4FF-C891-4847-AFAC-6E519D1610B6}.Debug|x64.Build.0 = Debug|x64
		{8FB1C4FF-C891-4847-AFAC-6E519D1610B6}.Debug|x86.ActiveCfg = Debug|Win32
		{8FB1C4FF-C891-4847-AFAC-6E519D1610B6}.Debug|x86.Build.0 = Debug|Win32
		{8FB1C4FF-C891-4847-AFAC-6E519D1610B6}.Debug-ES2|x64.ActiveCfg = Debug-ES2|x64
		{8FB1C4FF-C891-4847-AFAC-6E519D1610B6}.Debug-ES2|x64.Build.0 = Debug-ES2|x64
		{8FB1C4FF-C891-4847-AFAC-6E519D1610B6}.Debug-ES2|x86.ActiveCfg = Debug-ES2|Win32
		{8FB1C4FF-C891-4847-AFAC-6E519D1610B6}.Debug-ES2|x86.Build.0 = Debug-ES2|Win32
		{8FB1C4FF-C891-4847-AFAC-6E519D1610B6}.Debug-OGL|x64.ActiveCfg = Debug-OGL|x64
		{8FB1C4FF-C891-4847-AFAC-6E519D1610B6}.Debug-OGL|x64.Build.0 = Debug-OGL|x64
		{8FB1C4FF-C891-4847-AFAC-6E519D1610B6}.Debug-OGL|x86.ActiveCfg = Debug-OGL|Win32
		{8FB1C4FF-C891-4847-AFAC-6E519D1610B6}.Debug-OGL|x86.Build.0 = Debug-OGL|Win32
		{8FB1C4FF-C891-4847-AFAC-6E519D1610B6}.Release|x64.ActiveCfg = Release|x64
		{8FB1C4FF-C891-4847-AFAC-6E519D1610B6}.Release|x64.Build.0 = Release|x64
		{8FB1C4FF-C891-4847-AFAC-6E519D1610B6}.Release|x86.ActiveCfg = Release|Win32
		{8FB1C4FF-C891-4847-AFAC-6E519D1610B6}.Release|x86.Build.0 = Release|Win32
		{66F40D79-B491-48C8-9F30-A38DF4DD9B94}.Debug|x64.ActiveCfg = Debug|x64
		{66F40D79-B491-48C8-9F30-A38DF4DD9B94}.Debug|x64.Build.0 = Debug|x64
		{66F40D79-B491-48C8-9F30-A38DF4DD9B94}.Debug|x86.ActiveCfg = Debug|Win32
		{66F40D79-B491-48C8-9F30-A38DF4DD9B94}.Debug|x86.Build.0 = Debug|Win32
		{66F40D79-B491-48C8-9F30-A38DF4DD9B94}.Debug-ES2|x64.ActiveCfg = Debug-ES2|x64
		{66F40D79-B491-48C8-9F30-A38DF4DD9B94}.Debug-ES2|x64.Build.0 = Debug-ES2|x64
		{66F40D79-B491-48C8-9F30-A38DF4DD9B94}.Debug-ES2|x86.ActiveCfg = Debug-ES2|Win32
		{66F40D79-B491-48C8-9F30-A38DF4DD9B94}.Debug-ES2|x86.Build.0 = Debug-ES2|Win32
		{66F40D79-B491-48C8-9F30-A38DF4DD9B94}.Debug-OGL|x64.ActiveCfg = Debug-OGL|x64
		{66F40D79-B491-48C8-9F30-A38DF4DD9B94}.Debug-OGL|x64.Build.0 = Debug-OGL|x64
		{66F40D79-B491-48C8-9F30-A38DF4DD9B94}.Debug-OGL|x86.ActiveCfg = Debug-OGL|Win32
		{66F40D79-B491-48C8-9F30-A38DF4DD9B94}.Debug-OGL|x86.Build.0 = Debug-OGL|Win32
		{66F40D79-B491-48C8-9F30-A38DF4DD9B94}.Release|x64.ActiveCfg = Release|x64
		{66F40D79-B491-48C8-9F30-A38DF4DD9B94}.Release|x64.Build.0 = Release|x64
		{66F40D79-B491-48C8-9F30-A38DF4DD9B94}.Release|x86.ActiveCfg = Release|Win32
		{66F40D79-B491-48C8-9F30-A38DF4DD9B94}.Release|x86.Build.0 = Release|Win32
		{6C260420-26B2-4372-B367-6CE9CBEFCFC9}.Debug|x64.ActiveCfg = Debug|x64
		{6C260420-26B2-4372-B367-6CE9CBEFCFC9}.Debug|x64.Build.0 = Debug|x64
		{6C260420-26B2-4372-B367-6CE9CBEFCFC9}.Debug|x86.ActiveCfg = Debug|Win32
		{6C260420-26B2-4372-B367-6CE9CBEFCFC9}.Debug|x86.Build.0 = Debug|Win32
		{6C260420-26B2-4372-B367-6CE9CBEFCFC9}.Debug-ES2|x64.ActiveCfg = Debug-ES2|x64
		{6C260420-26B2-4372-B367-6CE9CBEFCFC9}.Debug-ES2|x64.Build.0 = Debug-ES2|x64
		{6C260420-26B2-4372-B367-6CE9CBEFCFC9}.Debug-ES2|x86.ActiveCfg = Debug-ES2|Win32
		{6C260420-26B2-4372-B367-6CE9CBEFCFC9}.Debug-ES2|x86.Build.0 = Debug-ES2|Win32
		{6C260420-26B2-4372-B367-6CE9CBEFCFC9}.Debug-OGL|x64.ActiveCfg = Debug-OGL|x64
		{6C260420-26B2-4372-B367-6CE9CBEFCFC9}.Debug-OGL|x64.Build.0 = Debug-OGL|x64
		{6C260420-26B2-4372-B367-6CE9CBEFCFC9}.Debug-OGL|x86.ActiveCfg = Debug-OGL|Win32
		{6C260420-26B2-4372-B367-6CE9CBEFCFC9}.Debug-OGL|x86.Build.0 = Debug-OGL|Win32
		{6C260420-26B2-4372-B367-6CE9CBEFCFC9}.Release|x64.ActiveCfg = Release|x64
		{6C260420-26B2-4372-B367-6CE9CBEFCFC9}.Release|x64.Build.0 = Release|x64
		{6C260420-26B2-4372-B367-6CE9CBEFCFC9}.Release|x86.ActiveCfg = Release|Win32
		{6C260420-26B2-4372-B367-6CE9CBEFCFC9}.Release|x86.Build.0 = Release|Win32
		{28F7B03F-8DA3-41BF-B92B-654C16BE2618}.Debug|x64.ActiveCfg = Debug|x64
		{28F7B03F-8DA3-41BF-B92B-654C16BE2618}.Debug|x64.Build.0 = Debug|x64
		{28F7B03F-8DA3-41BF-B92B-654C16BE2618}.Debug|x86.ActiveCfg = Debug|Win32
		{28F7B03F-8DA3-41BF-B92B-654C16BE2618}.Debug|x86.Build.0 = Debug|Win32
		{28F7B03F-8DA3-41BF-B92B-654C16BE2618}.Debug-ES2|x64.ActiveCfg = Debug-ES2|x64
		{28F7B03F-8DA3-41BF-B92B-654C16BE2618}.Debug-ES2|x64.Build.0 = Debug-ES2|x64
		{28F7B03F-8DA3-41BF-B92B-654C16BE2618}.Debug-ES2|x86.ActiveCfg = Debug-ES2|Win32
		{28F7B03F-8DA3-41BF-B92B-654C16BE2618}.Debug-ES2|x86.Build.0 = Debug-ES2|Win32
		{28F7B03F-8DA3-41BF-B92B-654C16BE2618}.Debug-OGL|x64.ActiveCfg = Debug-OGL|x64
		{28F7B03F-8DA3-41BF-B92B-654C16BE2618}.Debug-OGL|x64.Build.0 = Debug-OGL|x64
		{28F7B03F-8DA3-41BF-B92B-654C16BE2618}.Debug-OGL|x86.ActiveCfg = Debug-OGL|Win32
		{28F7B03F-8DA3-41BF-B92B-654C16BE2618}.Debug-OGL|x86.Build.0 = Debug-OGL|Win32
		{28F7B03F-8DA3-41BF-B92B-654C16BE2618}.Release|x64.ActiveCfg = Release|x64
		{28F7B03F-8DA3-41BF-B92B-654C16BE2618}.Release|x64.Build.0 = Release|x64
		{28F7B03F-8DA3-41BF-B92B-654C16BE2618}.Release|x86.ActiveCfg = Release|Win32
		{28F7B03F-8DA3-41BF-B92B-654C16BE2618}.Release|x86.Build.0 = Release|Win32
		{0E64FB0B-88DB-46B2-BE11-140A37F0DDB2}.Debug|x64.ActiveCfg = Debug|x64
		{0E64FB0B-88DB-46B2-BE11-140A37F0DDB2}.Debug|x64.Build.0 = Debug|x64
		{0E64FB0B-88DB-46B2-BE11-140A37F0DDB2}.Debug|x86.ActiveCfg = Debug|Win32
		{0E64FB0B-88DB-46B2-BE11-140A37F0DDB2}.Debug|x86.Build.0 = Debug|Win32
		{0E64FB0B-88DB-46B2-BE11-140A37F0DDB2}.Debug-ES2|x64.ActiveCfg = Debug-ES2|x64
		{0E64FB0B-88DB-46B2-BE11-140A37F0DDB2}.Debug-ES2|x64.Build.0 = Debug-ES2|x64
		{0E64FB0B-88DB-46B2-BE11-140A37F0DDB2}.Debug-ES2|x86.ActiveCfg = Debug-ES2|Win32
		{0E64FB0B-88DB-46B2-BE11-140A37F0DDB2}.Debug-ES2|x86.Build.0 = Debug-ES2|Win32
		{0E64FB0B-88DB-46B2-BE11-140A37F0DDB2}.Debug-OGL|x64.ActiveCfg = Debug-OGL|x64
		{0E64FB0B-88DB-46B2-BE11-140A37F0DDB2}.Debug-OGL|x64.Build.0 = Debug-OGL|x64
		{0E64FB0B-88DB-46B2-BE11-140A37F0DDB2}.Debug-OGL|x86.ActiveCfg = Debug-OGL|Win32
		{0E64FB0B-88DB-46B2-BE11-140A37F0DDB2}.Debug-OGL|x86.Build.0 = Debug-OGL|Win32
		{0E64FB0B-88DB-46B2-BE11-140A37F0DDB2}.Release|x64.ActiveCfg = Release|x64
		{0E64FB0B-88DB-46B2-BE11-140A37F0DDB2}.Release|x64.Build.0 = Release|x64
		{0E64FB0B-88DB-46B2-BE11-140A37F0DDB2}.Release|x86.ActiveCfg = Release|Win32
		{0E64FB0B-88DB-46B2-BE11-140A37F0DDB2}.Release|x86.Build.0 = Release|Win32
		{5559BADC-721D-4796-B72C-42845EAC7CE2}.Debug|x64.ActiveCfg = Debug|x64
		{5559BADC-721D-4796-B72C-42845EAC7CE2}.Debug|x64.Build.0 = Debug|x64
		{5559BADC-721D-4796-B72C-42845EAC7CE2}.Debug|x86.ActiveCfg = Debug|Win32
		{5559BADC-721D-4796-B72C-42845EAC7CE2}.Debug|x86.Build.0 = Debug|Win32
		{5559BADC-721D-4796-B72C-42845EAC7CE2}.Debug-ES2|x64.ActiveCfg = Debug-ES2|x64
		{5559BADC-721D-4796-B72C-42845EAC7CE2}.Debug-ES2|x64.Build.0 = Debug-ES2|x64
		{5559BADC-721D-4796-B72C-42845EAC7CE2}.Debug-ES2|x86.ActiveCfg = Debug-ES2|Win32
		{5559BADC-721D-4796-B72C-42845EAC7CE2}.Debug-ES2|x86.Build.0 = Debug-ES2|Win32
		{5559BADC-721D-4796-B72C-42845EAC7CE2}.Debug-OGL|x64.ActiveCfg = Debug-OGL|x64
		{5559BADC-721D-4796-B72C-42845EAC7CE2}.Debug-OGL|x64.Build.0 = Debug-OGL|x64
		{5559BADC-721D-4796-B72C-42845EAC7CE2}.Debug-OGL|x86.ActiveCfg = Debug-OGL|Win32
		{5559BADC-721D-4796-B72C-42845EAC7CE2}.Debug-OGL|x86.Build.0 = Debug-OGL|Win32
		{5559BADC-721D-4796-B72C-42845EAC7CE2}.Release|x64.ActiveCfg = Release|x64
		{5559BADC-721D-4796-B72C-42845EAC7CE2}.Release|x64.Build.0 = Release|x64
		{5559BADC-721D-4796-B72C-42845EAC7CE2}.Release|x86.ActiveCfg = Release|Win32
		{5559BADC-721D-4796-B72C-42845EAC7CE2}.Release|x86.Build.0 = Release|Win32
		{7D54C21C-C18D-48C9-B7F4-0BF7E4FA8F00}.Debug|x64.ActiveCfg = Debug|x64
		{7D54C21C-C18D-48C9-B7F4-0BF7E4FA8F00}.Debug|x64.Build.0 = Debug|x64
		{7D54C21C-C18D-48C9-B7F4-0BF7E4FA8F00}.Debug|x86.ActiveCfg = Debug|Win32
		{7D54C21C-C18D-48C9-B7F4-0BF7E4FA8F00}.Debug|x86.Build.0 = Debug|Win32
		{7D54C21C-C18D-48C9-B7F4-0BF7E4FA8F00}.Debug-ES2|x64.ActiveCfg = Debug-ES2|x64
		{7D54C21C-C18D-48C9-B7F4-0BF7E4FA8F00}.Debug-ES2|x64.Build.0 = Debug-ES2|x64
		{7D54C21C-C18D-48C9-B7F4-0BF7E4FA8F00}.Debug-ES2|x86.ActiveCfg = Debug-ES2|Win32
		{7D54C21C-C18D-48C9-B7F4-0BF7E4FA8F00}.Debug-ES2|x86.Build.0 = Debug-ES2|Win32
		{7D54C21C-C18D-48C9-B7F4-0BF7E4FA8F00}.Debug-OGL|x64.ActiveCfg = Debug-OGL|x64
		{7D54C21C-C18D-48C9-B7F4-0BF7E4FA8F00}.Debug-OGL|x64.Build.0 = Debug-OGL|x64
		{7D54C21C-C18D-48C9-B7F4-0BF7E4FA8F00}.Debug-OGL|x86.ActiveCfg = Debug-OGL|Win32
		{7D54C21C-C18D-48C9-B7F4-0BF7E4FA8F00}.Debug-OGL|x86.Build.0 = Debug-OGL|Win32
		{7D54C21C-C18D-48C9-B7F4-0BF7E4FA8F00}.Release|x64.ActiveCfg = Release|x64
		{7D54C21C-C18D-48C9-B7F4-0BF7E4FA8F00}.Release|x64.Build.0 = Release|x64
		{7D54C21C-C18D-48C9-B7F4-0BF7E4FA8F00}.Release|x86.ActiveCfg = Release|Win32
		{7D54C21C-C18D-48C9-B7F4-0BF7E4FA8F00}.Release|x86.Build.0 = Release|Win32
		{264579F6-EAFC-4B7B-B2E7-654227B04BE6}.Debug|x64.ActiveCfg = Debug|x64
		{264579F6-EAFC-4B7B-B2E7-654227B04BE6}.Debug|x64.Build.0 = Debug|x64
		{264579F6-EAFC-4B7B-B2E7-654227B04BE6}.Debug|x86.ActiveCfg = Debug|Win32
		{264579F6-EAFC-4B7B-B2E7-654227B04BE6}.Debug|x86.Build.0 = Debug|Win32
		{264579F6-EAFC-4B7B-B2E7-654227B04BE6}.Debug-ES2|x64.ActiveCfg = Debug-ES2|x64
		{264579F6-EAFC-4B7B-B2E7-654227B04BE6}.Debug-ES2|x64.Build.0 = Debug-ES2|x64
		{264579F6-EAFC-4B7B-B2E7-654227B04BE6}.Debug-ES2|x86.ActiveCfg = Debug-ES2|Win32
		{264579F6-EAFC-4B7B-B2E7-654227B04BE6}.Debug-ES2|x86.Build.0 = Debug-ES2|Win32
		{264579F6-EAFC-4B7B-B2E7-654227B04BE6}.Debug-OGL|x64.ActiveCfg = Debug-OGL|x64
		{264579F6-EAFC-4B7B-B2E7-654227B04BE6}.Debug-OGL|x64.Build.0 = Debug-OGL|x64
		{264579F6-EAFC-4B7B-B2E7-654227B04BE6}.Debug-OGL|x86.ActiveCfg = Debug-OGL|Win32
		{264579F6-EAFC-4B7B-B2E7-654227B04BE6}.Debug-OGL|x86.Build.0 = Debug-OGL|Win32
		{264579F6-EAFC-4B7B-B2E7-654227B04BE6}.Release|x64.ActiveCfg = Release|x64
		{264579F6-EAFC-4B7B-B2E7-654227B04BE6}.Release|x64.Build.0 = Release|x64
		{264579F6-EAFC-4B7B-B2E7-654227B04BE6}.Release|x86.ActiveCfg = Release|Win32
		{264579F6-EAFC-4B7B-B2E7-654227B04BE6}.Release|x86.Build.0 = Release|Win32
		{CB596AA9-972F-434B-A1F2-316A415701E0}.Debug|x64.ActiveCfg = Debug|x64
		{CB596AA9-972F-434B-A1F2-316A415701E0}.Debug|x64.Build.0 = Debug|x64
		{CB596AA9-972F-434B-A1F2-316A415701E0}.Debug|x86.ActiveCfg = Debug|Win32
		{CB596AA9-972F-434B-A1F2-316A415701E0}.Debug|x86.Build.0 = Debug|Win32
		{CB596AA9-972F-434B-A1F2-316A415701E0}.Debug-ES2|x64.ActiveCfg = Debug-ES2|x64
		{CB596AA9-972F-434B-A1F2-316A415701E0}.Debug-ES2|x64.Build.0 = Debug-ES2|x64
		{CB596AA9-972F-434B-A1F2-316A415701E0}.Debug-ES2|x86.ActiveCfg = Debug-ES2|Win32
		{CB596AA9-972F-434B-A1F2-316A415701E0}.Debug-ES2|x86.Build.0 = Debug-ES2|Win32
		{CB596AA9-972F-434B-A1F2-316A415701E0}.Debug-OGL|x64.ActiveCfg = Debug-OGL|x64
		{CB596AA9-972F-434B-A1F2-316A415701E0}.Debug-OGL|x64.Build.0 = Debug-OGL|x64
		{CB596AA9-972F-434B-A1F2-316A415701E0}.Debug-OGL|x86.ActiveCfg = Debug-OGL|Win32
		{CB596AA9-972F-434B-A1F2-316A415701E0}.Debug-OGL|x86.Build.0 = Debug-OGL|Win32
		{CB596AA9-972F-434B-A1F2-316A415701E0}.Release|x64.ActiveCfg = Release|x64
		{CB596AA9-972F-434B-A1F2-316A415701E0}.Release|x64.Build.0 = Release|x64
		{CB596AA9-972F-434B-A1F2-316A415701E0}.Release|x86.ActiveCfg = Release|Win32
		{CB596AA9-972F-434B-A1F2-316A415701E0}.Release|x86.Build.0 = Release|Win32
		{F86719A6-F0B1-4D21-924E-4A9A6315A66E}.Debug|x64.ActiveCfg = Debug|x64
		{F86719A6-F0B1-4D21-924E-4A9A6315A66E}.Debug|x64.Build.0 = Debug|x64
		{F86719A6-F0B1-4D21-924E-4A9A6315A66E}.Debug|x86.ActiveCfg = Debug|Win32
		{F86719A6-F0B1-4D21-924E-4A9A6315A66E}.Debug|x86.Build.0 = Debug|Win32
		{F86719A6-F0B1-4D21-924E-4A9A6315A66E}.Debug-ES2|x64.ActiveCfg = Debug-ES2|x64
		{F86719A6-F0B1-4D21-924E-4A9A6315A66E}.Debug-ES2|x64.Build.0 = Debug-ES2|x64
		{F86719A6-F0B1-4D21-924E-4A9A6315A66E}.Debug-ES2|x86.ActiveCfg = Debug-ES2|Win32
		{F86719A6-F0B1-4D21-924E-4A9A6315A66E}.Debug-ES2|x86.Build.0 = Debug-ES2|Win32
		{F86719A6-F0B1-4D21-924E-4A9A6315A66E}.Debug-OGL|x64.ActiveCfg = Debug-OGL|x64
		{F86719A6-F0B1-4D21-924E-4A9A6315A66E}.Debug-OGL|x64.Build.0 = Debug-OGL|x64
		{F86719A6-F0B1-4D21-924E-4A9A6315A66E}.Debug-OGL|x86.ActiveCfg = Debug-OGL|Win32
		{F86719A6-F0B1-4D21-924E-4A9A6315A66E}.Debug-OGL|x86.Build.0 = Debug-OGL|Win32
		{F86719A6-F0B1-4D21-924E-4A9A6315A66E}.Release|x64.ActiveCfg = Release|x64
		{F86719A6-F0B1-4D21-924E-4A9A6315A66E}.Release|x64.Build.0 = Release|x64
		{F86719A6-F0B1-4D21-924E-4A9A6315A66E}.Release|x86.ActiveCfg = Release|Win32
		{F86719A6-F0B1-4D21-924E-4A9A6315A66E}.Release|x86.Build.0 = Release|Win32
		{93DCF772-0D78-4630-BEB1-61F0A0B76AB7}.Debug|x64.ActiveCfg = Debug|x64
		{93DCF772-0D78-4630-BEB1-61F0A0B76AB7}.Debug|x64.Build.0 = Debug|x64
		{93DCF772-0D78-4630-BEB1-61F0A0B76AB7}.Debug|x86.ActiveCfg = Debug|Win32
		{93DCF772-0D78-4630-BEB1-61F0A0B76AB7}.Debug|x86.Build.0 = Debug|Win32
		{93DCF772-0D78-4630-BEB1-61F0A0B76AB7}.Debug-ES2|x64.ActiveCfg = Debug-ES2|x64
		{93DCF772-0D78-4630-BEB1-61F0A0B76AB7}.Debug-ES2|x64.Build.0 = Debug-ES2|x64
		{93DCF772-0D78-4630-BEB1-61F0A0B76AB7}.Debug-ES2|x86.ActiveCfg = Debug-ES2|Win32
		{93DCF772-0D78-4630-BEB1-61F0A0B76AB7}.Debug-ES2|x86.Build.0 = Debug-ES2|Win32
		{93DCF772-0D78-4630-BEB1-61F0A0B76AB7}.Debug-OGL|x64.ActiveCfg = Debug-OGL|x64
		{93DCF772-0D78-4630-BEB1-61F0A0B76AB7}.Debug-OGL|x64.Build.0 = Debug-OGL|x64
		{93DCF772-0D78-4630-BEB1-61F0A0B76AB7}.Debug-OGL|x86.ActiveCfg = Debug-OGL|Win32
		{93DCF772-0D78-4630-BEB1-61F0A0B76AB7}.Debug-OGL|x86.Build.0 = Debug-OGL|Win32
		{93DCF772-0D78-4630-BEB1-61F0A0B76AB7}.Release|x64.ActiveCfg = Release|x64
		{93DCF772-0D78-4630-BEB1-61F0A0B76AB7}.Release|x64.Build.0 = Release|x64
		{93DCF772-0D78-4630-BEB1-61F0A0B76AB7}.Release|x86.ActiveCfg = Release|Win32
		{93DCF772-0D78-4630-BEB1-61F0A0B76AB7}.Release|x86.Build.0 = Release|Win32
		{56A7B73A-30D0-4B48-92C1-8F4EC530C341}.Debug|x64.ActiveCfg = Debug|x64
		{56A7B73A-30D0-4B48-92C1-8F4EC530C341}.Debug|x64.Build.0 = Debug|x64
		{56A7B73A-30D0-4B48-92C1-8F4EC530C341}.Debug|x86.ActiveCfg = Debug|Win32
		{56A7B73A-30D0-4B48-92C1-8F4EC530C341}.Debug|x86.Build.0 = Debug|Win32
		{56A7B73A-30D0-4B48-92C1-8F4EC530C341}.Debug-ES2|x64.ActiveCfg = Debug-ES2|x64
		{56A7B73A-30D0-4B48-92C1-8F4EC530C341}.Debug-ES2|x64.Build.0 = Debug-ES2|x64
		{56A7B73A-30D0-4B48-92C1-8F4EC530C341}.Debug-ES2|x86.ActiveCfg = Debug-ES2|Win32
		{56A7B73A-30D0-4B48-92C1-8F4EC530C341}.Debug-ES2|x86.Build.0 = Debug-ES2|Win32
		{56A7B73A-30D0-4B48-92C1-8F4EC530C341}.Debug-OGL|x64.ActiveCfg = Debug-OGL|x64
		{56A7B73A-30D0-4B48-92C1-8F4EC530C341}.Debug-OGL|x64.Build.0 = Debug-OGL|x64
		{56A7B73A-30D0-4B48-92C1-8F4EC530C341}.Debug-OGL|x86.ActiveCfg = Debug-OGL|Win32
		{56A7B73A-30D0-4B48-92C1-8F4EC530C341}.Debug-OGL|x86.Build.0 = Debug-OGL|Win32
		{56A7B73A-30D0-4B48-92C1-8F4EC530C341}.Release|x64.ActiveCfg = Release|x64
		{56A7B73A-30D0-4B48-92C1-8F4EC530C341}.Release|x64.Build.0 = Release|x64
		{56A7B73A-30D0-4B48-92C1-8F4EC530C341}.Release|x86.ActiveCfg = Release|Win32
		{56A7B73A-30D0-4B48-92C1-8F4EC530C341}.Release|x86.Build.0 = Release|Win32
		{B311343C-EFED-44E0-80CB-9A9566359B99}.Debug|x64.ActiveCfg = Debug|x64
		{B311343C-EFED-44E0-80CB-9A9566359B99}.Debug|x64.Build.0 = Debug|x64
		{B311343C-EFED-44E0-80CB-9A9566359B99}.Debug|x86.ActiveCfg = Debug|Win32
		{B311343C-EFED-44E0-80CB-9A9566359B99}.Debug|x86.Build.0 = Debug|Win32
		{B311343C-EFED-44E0-80CB-9A9566359B99}.Debug-ES2|x64.ActiveCfg = Debug-ES2|x64
		{B311343C-EFED-44E0-80CB-9A9566359B99}.Debug-ES2|x64.Build.0 = Debug-ES2|x64
		{B311343C-EFED-44E0-80CB-9A9566359B99}.Debug-ES2|x86.ActiveCfg = Debug-ES2|Win32
		{B311343C-EFED-44E0-80CB-9A9566359B99}.Debug-ES2|x86.Build.0 = Debug-ES2|Win32
		{B311343C-EFED-44E0-80CB-9A9566359B99}.Debug-OGL|x64.ActiveCfg = Debug-OGL|x64
		{B311343C-EFED-44E0-80CB-9A9566359B99}.Debug-OGL|x64.Build.0 = Debug-OGL|x64
		{B311343C-EFED-44E0-80CB-9A9566359B99}.Debug-OGL|x86.ActiveCfg = Debug-OGL|Win32
		{B311343C-EFED-44E0-80CB-9A9566359B99}.Debug-OGL|x86.Build.0 = Debug-OGL|Win32
		{B311343C-EFED-44E0-80CB-9A9566359B99}.Release|x64.ActiveCfg = Release|x64
		{B311343C-EFED-44E0-80CB-9A9566359B99}.Release|x64.Build.0 = Release|x64
		{B311343C-EFED-44E0-80CB-9A9566359B99}.Release|x86.ActiveCfg = Release|Win32
		{B311343C-EFED-44E0-80CB-9A9566359B99}.Release|x86.Build.0 = Release|Win32
		{6229FC30-7331-4C3B-B5BE-702097318EE5}.Debug|x64.ActiveCfg = Debug|x64
		{6229FC30-7331-4C3B-B5BE-702097318EE5}.Debug|x64.Build.0 = Debug|x64
		{6229FC30-7331-4C3B-B5BE-702097318EE5}.Debug|x86.ActiveCfg = Debug|Win32
		{6229FC30-7331-4C3B-B5BE-702097318EE5}.Debug|x86.Build.0 = Debug|Win32
		{6229FC30-7331-4C3B-B5BE-702097318EE5}.Debug-ES2|x64.ActiveCfg = Debug-ES2|x64
		{6229FC30-7331-4C3B-B5BE-702097318EE5}.Debug-ES2|x64.Build.0 = Debug-ES2|x64
		{6229FC30-7331-4C3B-B5BE-702097318EE5}.Debug-ES2|x86.ActiveCfg = Debug-ES2|Win32
		{6229FC30-7331-4C3B-B5BE-702097318EE5}.Debug-ES2|x86.Build.0 = Debug-ES2|Win32
		{6229FC30-7331-4C3B-B5BE-702097318EE5}.Debug-OGL|x64.ActiveCfg = Debug-OGL|x64
		{6229FC30-7331-4C3B-B5BE-702097318EE5}.Debug-OGL|x64.Build.0 = Debug-OGL|x64
		{6229FC30-7331-4C3B-B5BE-702097318EE5}.Debug-OGL|x86.ActiveCfg = Debug-OGL|Win32
		{6229FC30-7331-4C3B-B5BE-702097318EE5}.Debug-OGL|x86.Build.0 = Debug-OGL|Win32
		{6229FC30-7331-4C3B-B5BE-702097318EE5}.Release|x64.ActiveCfg = Release|x64
		{6229FC30-7331-4C3B-B5BE-702097318EE5}.Release|x64.Build.0 = Release|x64
		{6229FC30-7331-4C3B-B5BE-702097318EE5}.Release|x86.ActiveCfg = Release|Win32
		{6229FC30-7331-4C3B-B5BE-702097318EE5}.Release|x86.Build.0 = Release|Win32
		{10469634-6EF2-4D66-898E-9B0632482DFF}.Debug|x64.ActiveCfg = Debug|x64
		{10469634-6EF2-4D66-898E-9B0632482DFF}.Debug|x64.Build.0 = Debug|x64
		{10469634-6EF2-4D66-898E-9B0632482DFF}.Debug|x86.ActiveCfg = Debug|Win32
		{10469634-6EF2-4D66-898E-9B0632482DFF}.Debug|x86.Build.0 = Debug|Win32
		{10469634-6EF2-4D66-898E-9B0632482DFF}.Debug-ES2|x64.ActiveCfg = Debug-ES2|x64
		{10469634-6EF2-4D66-898E-9B0632482DFF}.Debug-ES2|x64.Build.0 = Debug-ES2|x64
		{10469634-6EF2-4D66-898E-9B0632482DFF}.Debug-ES2|x86.ActiveCfg = Debug-ES2|Win32
		{10469634-6EF2-4D66-898E-9B0632482DFF}.Debug-ES2|x86.Build.0 = Debug-ES2|Win32
		{10469634-6EF2-4D66-898E-9B0632482DFF}.Debug-OGL|x64.ActiveCfg = Debug-OGL|x64
		{10469634-6EF2-4D66-898E-9B0632482DFF}.Debug-OGL|x64.Build.0 = Debug-OGL|x64
		{10469634-6EF2-4D66-898E-9B0632482DFF}.Debug-OGL|x86.ActiveCfg = Debug-OGL|Win32
		{10469634-6EF2-4D66-898E-9B0632482DFF}.Debug-OGL|x86.Build.0 = Debug-OGL|Win32
		{10469634-6EF2-4D66-898E-9B0632482DFF}.Release|x64.ActiveCfg = Release|x64
		{10469634-6EF2-4D66-898E-9B0632482DFF}.Release|x64.Build.0 = Release|x64
		{10469634-6EF2-4D66-898E-9B0632482DFF}.Release|x86.ActiveCfg = Release|Win32
		{10469634-6EF2-4D66-898E-9B0632482DFF}.Release|x86.Build.0 = Release|Win32
		{624A7A79-AB07-4956-B0DC-5BEFC28ED5A0}.Debug|x64.ActiveCfg = Debug|x64
		{624A7A79-AB07-4956-B0DC-5BEFC28ED5A0}.Debug|x64.Build.0 = Debug|x64
		{624A7A79-AB07-4956-B0DC-5BEFC28ED5A0}.Debug|x86.ActiveCfg = Debug|Win32
		{624A7A79-AB07-4956-B0DC-5BEFC28ED5A0}.Debug|x86.Build.0 = Debug|Win32
		{624A7A79-AB07-4956-B0DC-5BEFC28ED5A0}.Debug-ES2|x64.ActiveCfg = Debug-ES2|x64
		{624A7A79-AB07-4956-B0DC-5BEFC28ED5A0}.Debug-ES2|x64.Build.0 = Debug-ES2|x64
		{624A7A79-AB07-4956-B0DC-5BEFC28ED5A0}.Debug-ES2|x86.ActiveCfg = Debug-ES2|Win32
		{624A7A79-AB07-4956-B0DC-5BEFC28ED5A0}.Debug-ES2|x86.Build.0 = Debug-ES2|Win32
		{624A7A79-AB07-4956-B0DC-5BEFC28ED5A0}.Debug-OGL|x64.ActiveCfg = Debug-OGL|x64
		{624A7A79-AB07-4956-B0DC-5BEFC28ED5A0}.Debug-OGL|x64.Build.0 = Debug-OGL|x64
		{624A7A79-AB07-4956-B0DC-5BEFC28ED5A0}.Debug-OGL|x86.ActiveCfg = Debug-OGL|Win32
		{624A7A79-AB07-4956-B0DC-5BEFC28ED5A0}.Debug-OGL|x86.Build.0 = Debug-OGL|Win32
		{624A7A79-AB07-4956-B0DC-5BEFC28ED5A0}.Release|x64.ActiveCfg = Release|x64
		{624A7A79-AB07-4956-B0DC-5BEFC28ED5A0}.Release|x64.Build.0 = Release|x64
		{624A7A79-AB07-4956-B0DC-5BEFC28ED5A0}.Release|x86.ActiveCfg = Release|Win32
		{624A7A79-AB07-4956-B0DC-5BEFC28ED5A0}.Release|x86.Build.0 = Release|Win32
		{785B7FEE-83D9-41FE-989F-442F644342CE}.Debug|x64.ActiveCfg = Debug|x64
		{785B7FEE-83D9-41FE-989F-442F644342CE}.Debug|x64.Build.0 = Debug|x64
		{785B7FEE-83D9-41FE-989F-442F644342CE}.Debug|x86.ActiveCfg = Debug|Win32
		{785B7FEE-83D9-41FE-989F-442F644342CE}.Debug|x86.Build.0 = Debug|Win32
		{785B7FEE-83D9-41FE-989F-442F644342CE}.Debug-ES2|x64.ActiveCfg = Debug-ES2|x64
		{785B7FEE-83D9-41FE-989F-442F644342CE}.Debug-ES2|x64.Build.0 = Debug-ES2|x64
		{785B7FEE-83D9-41FE-989F-442F644342CE}.Debug-ES2|x86.ActiveCfg = Debug-ES2|Win32
		{785B7FEE-83D9-41FE-989F-442F644342CE}.Debug-ES2|x86.Build.0 = Debug-ES2|Win32
		{785B7FEE-83D9-41FE-989F-442F644342CE}.Debug-OGL|x64.ActiveCfg = Debug-OGL|x64
		{785B7FEE-83D9-41FE-989F-442F644342CE}.Debug-OGL|x64.Build.0 = Debug-OGL|x64
		{785B7FEE-83D9-41FE-989F-442F644342CE}.Debug-OGL|x86.ActiveCfg = Debug-OGL|Win32
		{785B7FEE-83D9-41FE-989F-442F644342CE}.Debug-OGL|x86.Build.0 = Debug-OGL|Win32
		{785B7FEE-83D9-41FE-989F-442F644342CE}.Release|x64.ActiveCfg = Release|x64
		{785B7FEE-83D9-41FE-989F-442F644342CE}.Release|x64.Build.0 = Release|x64
		{785B7FEE-83D9-41FE-989F-442F644342CE}.Release|x86.ActiveCfg = Release|Win32
		{785B7FEE-83D9-41FE-989F-442F644342CE}.Release|x86.Build.0 = Release|Win32
	EndGlobalSection
	GlobalSection(SolutionProperties) = preSolution
		HideSolutionNode = FALSE
	EndGlobalSection
EndGlobal
