
Microsoft Visual Studio Solution File, Format Version 12.00
# Visual Studio 15
VisualStudioVersion = 15.0.27703.2000
MinimumVisualStudioVersion = 10.0.40219.1
Project("{8BC9CEB8-8B4A-11D0-8D11-00A0C91BC942}") = "irisapp", "irisapp.vcxproj", "{4D6679CD-401E-4F3A-8330-7416345117D9}"
EndProject
Project("{8BC9CEB8-8B4A-11D0-8D11-00A0C91BC942}") = "libiris", "..\iris\vs\vs.vcxproj", "{8D1E3CB5-9DAD-49FE-A2BA-DC7DFA9DE6AD}"
EndProject
Global
	GlobalSection(SolutionConfigurationPlatforms) = preSolution
		Debug|Win32 = Debug|Win32
		Debug|x86 = Debug|x86
		Release|Win32 = Release|Win32
		Release|x86 = Release|x86
	EndGlobalSection
	GlobalSection(ProjectConfigurationPlatforms) = postSolution
		{4D6679CD-401E-4F3A-8330-7416345117D9}.Debug|Win32.ActiveCfg = Debug|Win32
		{4D6679CD-401E-4F3A-8330-7416345117D9}.Debug|Win32.Build.0 = Debug|Win32
		{4D6679CD-401E-4F3A-8330-7416345117D9}.Debug|x86.ActiveCfg = Debug|Win32
		{4D6679CD-401E-4F3A-8330-7416345117D9}.Debug|x86.Build.0 = Debug|Win32
		{4D6679CD-401E-4F3A-8330-7416345117D9}.Release|Win32.ActiveCfg = Release|Win32
		{4D6679CD-401E-4F3A-8330-7416345117D9}.Release|Win32.Build.0 = Release|Win32
		{4D6679CD-401E-4F3A-8330-7416345117D9}.Release|x86.ActiveCfg = Release|Win32
		{4D6679CD-401E-4F3A-8330-7416345117D9}.Release|x86.Build.0 = Release|Win32
		{8D1E3CB5-9DAD-49FE-A2BA-DC7DFA9DE6AD}.Debug|Win32.ActiveCfg = Debug|Win32
		{8D1E3CB5-9DAD-49FE-A2BA-DC7DFA9DE6AD}.Debug|Win32.Build.0 = Debug|Win32
		{8D1E3CB5-9DAD-49FE-A2BA-DC7DFA9DE6AD}.Debug|x86.ActiveCfg = Debug|Win32
		{8D1E3CB5-9DAD-49FE-A2BA-DC7DFA9DE6AD}.Debug|x86.Build.0 = Debug|Win32
		{8D1E3CB5-9DAD-49FE-A2BA-DC7DFA9DE6AD}.Release|Win32.ActiveCfg = Release|Win32
		{8D1E3CB5-9DAD-49FE-A2BA-DC7DFA9DE6AD}.Release|Win32.Build.0 = Release|Win32
		{8D1E3CB5-9DAD-49FE-A2BA-DC7DFA9DE6AD}.Release|x86.ActiveCfg = Release|Win32
		{8D1E3CB5-9DAD-49FE-A2BA-DC7DFA9DE6AD}.Release|x86.Build.0 = Release|Win32
	EndGlobalSection
	GlobalSection(SolutionProperties) = preSolution
		HideSolutionNode = FALSE
	EndGlobalSection
	GlobalSection(ExtensibilityGlobals) = postSolution
		SolutionGuid = {ED12F868-89B9-46CA-9BA5-575F493327BD}
	EndGlobalSection
EndGlobal
